{
  "version": 4,
  "terraform_version": "0.14.7",
  "serial": 5,
  "lineage": "616718b2-95ba-3098-86c7-9d48c5dc1cfa",
  "outputs": {},
  "resources": [
    {
      "mode": "managed",
      "type": "aws_efs_file_system",
      "name": "EFS-mount",
      "provider": "provider[\"registry.terraform.io/hashicorp/aws\"]",
      "instances": [
        {
          "schema_version": 0,
          "attributes": {
            "arn": "arn:aws:elasticfilesystem:us-east-1:597529641504:file-system/fs-66e08ad2",
            "availability_zone_id": "",
            "availability_zone_name": "",
            "creation_token": "terraform-20210711003700292100000001",
            "dns_name": "fs-66e08ad2.efs.us-east-1.amazonaws.com",
            "encrypted": false,
            "id": "fs-66e08ad2",
            "kms_key_id": "",
            "lifecycle_policy": [],
            "number_of_mount_targets": 0,
            "owner_id": "597529641504",
            "performance_mode": "generalPurpose",
            "provisioned_throughput_in_mibps": 0,
            "size_in_bytes": [
              {
                "value": 6144,
                "value_in_ia": 0,
                "value_in_standard": 6144
              }
            ],
            "tags": {
              "Name": "EFS-mount"
            },
            "tags_all": {
              "Name": "EFS-mount"
            },
            "throughput_mode": "bursting"
          },
          "sensitive_attributes": [],
          "private": "bnVsbA=="
        }
      ]
    }
  ]
}
